{
  "version": 4,
  "terraform_version": "1.12.2",
  "serial": 92,
  "lineage": "76fc5cfa-049d-9316-3f16-d4b5c81bd223",
  "outputs": {
    "alb_dns_name": {
      "value": "job-portal-alb-1013111230.eu-north-1.elb.amazonaws.com",
      "type": "string"
    },
    "docdb_endpoint": {
      "value": "job-portal-docdb.cluster-cxkwimcm4zqj.eu-north-1.docdb.amazonaws.com",
      "type": "string"
    }
  },
  "resources": [
    {
      "mode": "data",
      "type": "aws_availability_zones",
      "name": "available",
      "provider": "provider[\"registry.terraform.io/hashicorp/aws\"]",
      "instances": [
        {
          "schema_version": 0,
          "attributes": {
            "all_availability_zones": null,
            "exclude_names": null,
            "exclude_zone_ids": null,
            "filter": null,
            "group_names": [
              "eu-north-1-zg-1"
            ],
            "id": "eu-north-1",
            "names": [
              "eu-north-1a",
              "eu-north-1b",
              "eu-north-1c"
            ],
            "region": "eu-north-1",
            "state": "available",
            "timeouts": null,
            "zone_ids": [
              "eun1-az1",
              "eun1-az2",
              "eun1-az3"
            ]
          },
          "sensitive_attributes": [],
          "identity_schema_version": 0
        }
      ]
    },
    {
      "mode": "data",
      "type": "aws_iam_policy_document",
      "name": "ecs_tasks_assume",
      "provider": "provider[\"registry.terraform.io/hashicorp/aws\"]",
      "instances": [
        {
          "schema_version": 0,
          "attributes": {
            "id": "1077804475",
            "json": "{\n  \"Version\": \"2012-10-17\",\n  \"Statement\": [\n    {\n      \"Effect\": \"Allow\",\n      \"Action\": \"sts:AssumeRole\",\n      \"Principal\": {\n        \"Service\": \"ecs-tasks.amazonaws.com\"\n      }\n    }\n  ]\n}",
            "minified_json": "{\"Version\":\"2012-10-17\",\"Statement\":[{\"Effect\":\"Allow\",\"Action\":\"sts:AssumeRole\",\"Principal\":{\"Service\":\"ecs-tasks.amazonaws.com\"}}]}",
            "override_json": null,
            "override_policy_documents": null,
            "policy_id": null,
            "source_json": null,
            "source_policy_documents": null,
            "statement": [
              {
                "actions": [
                  "sts:AssumeRole"
                ],
                "condition": [],
                "effect": "Allow",
                "not_actions": [],
                "not_principals": [],
                "not_resources": [],
                "principals": [
                  {
                    "identifiers": [
                      "ecs-tasks.amazonaws.com"
                    ],
                    "type": "Service"
                  }
                ],
                "resources": [],
                "sid": ""
              }
            ],
            "version": "2012-10-17"
          },
          "sensitive_attributes": [],
          "identity_schema_version": 0
        }
      ]
    },
    {
      "mode": "managed",
      "type": "aws_cloudwatch_log_group",
      "name": "api",
      "provider": "provider[\"registry.terraform.io/hashicorp/aws\"]",
      "instances": [
        {
          "schema_version": 0,
          "attributes": {
            "arn": "arn:aws:logs:eu-north-1:501123610449:log-group:/ecs/job-portal-api",
            "id": "/ecs/job-portal-api",
            "kms_key_id": "",
            "log_group_class": "STANDARD",
            "name": "/ecs/job-portal-api",
            "name_prefix": "",
            "region": "eu-north-1",
            "retention_in_days": 7,
            "skip_destroy": false,
            "tags": null,
            "tags_all": {}
          },
          "sensitive_attributes": [],
          "identity_schema_version": 0,
          "identity": {
            "account_id": "501123610449",
            "name": "/ecs/job-portal-api",
            "region": "eu-north-1"
          },
          "private": "bnVsbA=="
        }
      ]
    },
    {
      "mode": "managed",
      "type": "aws_docdb_cluster",
      "name": "this",
      "provider": "provider[\"registry.terraform.io/hashicorp/aws\"]",
      "instances": [
        {
          "schema_version": 0,
          "attributes": {
            "allow_major_version_upgrade": null,
            "apply_immediately": null,
            "arn": "arn:aws:rds:eu-north-1:501123610449:cluster:job-portal-docdb",
            "availability_zones": [
              "eu-north-1a",
              "eu-north-1b",
              "eu-north-1c"
            ],
            "backup_retention_period": 1,
            "cluster_identifier": "job-portal-docdb",
            "cluster_identifier_prefix": "",
            "cluster_members": [],
            "cluster_resource_id": "cluster-M3A6NRJSVM2DYP3QRW5Z3GF5TY",
            "db_cluster_parameter_group_name": "default.docdb4.0",
            "db_subnet_group_name": "job-portal-docdb-subnets",
            "deletion_protection": false,
            "enabled_cloudwatch_logs_exports": [],
            "endpoint": "job-portal-docdb.cluster-cxkwimcm4zqj.eu-north-1.docdb.amazonaws.com",
            "engine": "docdb",
            "engine_version": "4.0.0",
            "final_snapshot_identifier": null,
            "global_cluster_identifier": "",
            "hosted_zone_id": "Z06493632YE631AVAUSFT",
            "id": "job-portal-docdb",
            "kms_key_id": "",
            "manage_master_user_password": null,
            "master_password": "ChangeMe-Strong#2025",
            "master_password_wo": null,
            "master_password_wo_version": null,
            "master_user_secret": [],
            "master_username": "otniel64",
            "port": 27017,
            "preferred_backup_window": "23:30-00:00",
            "preferred_maintenance_window": "fri:00:55-fri:01:25",
            "reader_endpoint": "job-portal-docdb.cluster-ro-cxkwimcm4zqj.eu-north-1.docdb.amazonaws.com",
            "region": "eu-north-1",
            "restore_to_point_in_time": [],
            "serverless_v2_scaling_configuration": [],
            "skip_final_snapshot": true,
            "snapshot_identifier": null,
            "storage_encrypted": false,
            "storage_type": "",
            "tags": {},
            "tags_all": {},
            "timeouts": null,
            "vpc_security_group_ids": [
              "sg-01d9c45740909bc10"
            ]
          },
          "sensitive_attributes": [
            [
              {
                "type": "get_attr",
                "value": "master_password"
              }
            ]
          ],
          "identity_schema_version": 0,
          "private": "eyJlMmJmYjczMC1lY2FhLTExZTYtOGY4OC0zNDM2M2JjN2M0YzAiOnsiY3JlYXRlIjo3MjAwMDAwMDAwMDAwLCJkZWxldGUiOjcyMDAwMDAwMDAwMDAsInVwZGF0ZSI6NzIwMDAwMDAwMDAwMH19",
          "dependencies": [
            "aws_docdb_subnet_group.this",
            "aws_security_group.alb",
            "aws_security_group.docdb",
            "aws_security_group.ecs_service",
            "data.aws_availability_zones.available",
            "module.vpc.aws_subnet.private",
            "module.vpc.aws_vpc.this",
            "module.vpc.aws_vpc_ipv4_cidr_block_association.this"
          ]
        }
      ]
    },
    {
      "mode": "managed",
      "type": "aws_docdb_cluster_instance",
      "name": "this",
      "provider": "provider[\"registry.terraform.io/hashicorp/aws\"]",
      "instances": [
        {
          "index_key": 0,
          "schema_version": 0,
          "attributes": {
            "apply_immediately": null,
            "arn": "arn:aws:rds:eu-north-1:501123610449:db:job-portal-docdb-0",
            "auto_minor_version_upgrade": true,
            "availability_zone": "eu-north-1b",
            "ca_cert_identifier": "rds-ca-rsa2048-g1",
            "cluster_identifier": "job-portal-docdb",
            "copy_tags_to_snapshot": false,
            "db_subnet_group_name": "job-portal-docdb-subnets",
            "dbi_resource_id": "db-DOGDGOEL75QYWIDWZCLBHIC33M",
            "enable_performance_insights": null,
            "endpoint": "job-portal-docdb-0.cxkwimcm4zqj.eu-north-1.docdb.amazonaws.com",
            "engine": "docdb",
            "engine_version": "4.0.0",
            "id": "job-portal-docdb-0",
            "identifier": "job-portal-docdb-0",
            "identifier_prefix": "",
            "instance_class": "db.t3.medium",
            "kms_key_id": "",
            "performance_insights_kms_key_id": null,
            "port": 27017,
            "preferred_backup_window": "23:30-00:00",
            "preferred_maintenance_window": "thu:03:03-thu:03:33",
            "promotion_tier": 0,
            "publicly_accessible": false,
            "region": "eu-north-1",
            "storage_encrypted": false,
            "tags": null,
            "tags_all": {},
            "timeouts": null,
            "writer": true
          },
          "sensitive_attributes": [],
          "identity_schema_version": 0,
          "private": "eyJlMmJmYjczMC1lY2FhLTExZTYtOGY4OC0zNDM2M2JjN2M0YzAiOnsiY3JlYXRlIjo1NDAwMDAwMDAwMDAwLCJkZWxldGUiOjU0MDAwMDAwMDAwMDAsInVwZGF0ZSI6NTQwMDAwMDAwMDAwMH19",
          "dependencies": [
            "aws_docdb_cluster.this",
            "aws_docdb_subnet_group.this",
            "aws_security_group.alb",
            "aws_security_group.docdb",
            "aws_security_group.ecs_service",
            "data.aws_availability_zones.available",
            "module.vpc.aws_subnet.private",
            "module.vpc.aws_vpc.this",
            "module.vpc.aws_vpc_ipv4_cidr_block_association.this"
          ]
        }
      ]
    },
    {
      "mode": "managed",
      "type": "aws_docdb_subnet_group",
      "name": "this",
      "provider": "provider[\"registry.terraform.io/hashicorp/aws\"]",
      "instances": [
        {
          "schema_version": 0,
          "attributes": {
            "arn": "arn:aws:rds:eu-north-1:501123610449:subgrp:job-portal-docdb-subnets",
            "description": "Managed by Terraform",
            "id": "job-portal-docdb-subnets",
            "name": "job-portal-docdb-subnets",
            "name_prefix": "",
            "region": "eu-north-1",
            "subnet_ids": [
              "subnet-088ac1335a37ab1f0",
              "subnet-08ab7474c67527591"
            ],
            "tags": {},
            "tags_all": {}
          },
          "sensitive_attributes": [],
          "identity_schema_version": 0,
          "private": "bnVsbA==",
          "dependencies": [
            "data.aws_availability_zones.available",
            "module.vpc.aws_subnet.private",
            "module.vpc.aws_vpc.this",
            "module.vpc.aws_vpc_ipv4_cidr_block_association.this"
          ]
        }
      ]
    },
    {
      "mode": "managed",
      "type": "aws_ecs_cluster",
      "name": "this",
      "provider": "provider[\"registry.terraform.io/hashicorp/aws\"]",
      "instances": [
        {
          "schema_version": 0,
          "attributes": {
            "arn": "arn:aws:ecs:eu-north-1:501123610449:cluster/job-portal-cluster",
            "configuration": [],
            "id": "arn:aws:ecs:eu-north-1:501123610449:cluster/job-portal-cluster",
            "name": "job-portal-cluster",
            "region": "eu-north-1",
            "service_connect_defaults": [],
            "setting": [
              {
                "name": "containerInsights",
                "value": "disabled"
              }
            ],
            "tags": null,
            "tags_all": {}
          },
          "sensitive_attributes": [],
          "identity_schema_version": 0,
          "private": "bnVsbA=="
        }
      ]
    },
    {
      "mode": "managed",
      "type": "aws_ecs_service",
      "name": "api",
      "provider": "provider[\"registry.terraform.io/hashicorp/aws\"]",
      "instances": [
        {
          "schema_version": 1,
          "attributes": {
            "alarms": [],
            "arn": "arn:aws:ecs:eu-north-1:501123610449:service/job-portal-cluster/job-portal-api",
            "availability_zone_rebalancing": "ENABLED",
            "capacity_provider_strategy": [],
            "cluster": "arn:aws:ecs:eu-north-1:501123610449:cluster/job-portal-cluster",
            "deployment_circuit_breaker": [
              {
                "enable": false,
                "rollback": false
              }
            ],
            "deployment_configuration": [
              {
                "bake_time_in_minutes": "0",
                "lifecycle_hook": [],
                "strategy": "ROLLING"
              }
            ],
            "deployment_controller": [
              {
                "type": "ECS"
              }
            ],
            "deployment_maximum_percent": 200,
            "deployment_minimum_healthy_percent": 100,
            "desired_count": 1,
            "enable_ecs_managed_tags": false,
            "enable_execute_command": false,
            "force_delete": null,
            "force_new_deployment": null,
            "health_check_grace_period_seconds": 0,
            "iam_role": "/aws-service-role/ecs.amazonaws.com/AWSServiceRoleForECS",
            "id": "arn:aws:ecs:eu-north-1:501123610449:service/job-portal-cluster/job-portal-api",
            "launch_type": "FARGATE",
            "load_balancer": [
              {
                "advanced_configuration": [],
                "container_name": "api",
                "container_port": 8080,
                "elb_name": "",
                "target_group_arn": "arn:aws:elasticloadbalancing:eu-north-1:501123610449:targetgroup/job-portal-tg/b37314feb5fdbb4e"
              }
            ],
            "name": "job-portal-api",
            "network_configuration": [
              {
                "assign_public_ip": false,
                "security_groups": [
                  "sg-0cb1d1a2135d892cd"
                ],
                "subnets": [
                  "subnet-088ac1335a37ab1f0",
                  "subnet-08ab7474c67527591"
                ]
              }
            ],
            "ordered_placement_strategy": [],
            "placement_constraints": [],
            "platform_version": "LATEST",
            "propagate_tags": "NONE",
            "region": "eu-north-1",
            "scheduling_strategy": "REPLICA",
            "service_connect_configuration": [],
            "service_registries": [],
            "sigint_rollback": null,
            "tags": null,
            "tags_all": {},
            "task_definition": "arn:aws:ecs:eu-north-1:501123610449:task-definition/job-portal-api:2",
            "timeouts": null,
            "triggers": {},
            "volume_configuration": [],
            "vpc_lattice_configurations": [],
            "wait_for_steady_state": false
          },
          "sensitive_attributes": [],
          "identity_schema_version": 0,
          "private": "eyJlMmJmYjczMC1lY2FhLTExZTYtOGY4OC0zNDM2M2JjN2M0YzAiOnsiY3JlYXRlIjoxMjAwMDAwMDAwMDAwLCJkZWxldGUiOjEyMDAwMDAwMDAwMDAsInVwZGF0ZSI6MTIwMDAwMDAwMDAwMH0sInNjaGVtYV92ZXJzaW9uIjoiMSJ9",
          "dependencies": [
            "aws_docdb_cluster.this",
            "aws_docdb_cluster_instance.this",
            "aws_docdb_subnet_group.this",
            "aws_ecs_cluster.this",
            "aws_ecs_task_definition.api",
            "aws_iam_role.task_exec",
            "aws_lb.api",
            "aws_lb_listener.http",
            "aws_lb_target_group.api",
            "aws_security_group.alb",
            "aws_security_group.docdb",
            "aws_security_group.ecs_service",
            "data.aws_availability_zones.available",
            "data.aws_iam_policy_document.ecs_tasks_assume",
            "module.vpc.aws_subnet.private",
            "module.vpc.aws_subnet.public",
            "module.vpc.aws_vpc.this",
            "module.vpc.aws_vpc_ipv4_cidr_block_association.this"
          ]
        }
      ]
    },
    {
      "mode": "managed",
      "type": "aws_ecs_task_definition",
      "name": "api",
      "provider": "provider[\"registry.terraform.io/hashicorp/aws\"]",
      "instances": [
        {
          "schema_version": 1,
          "attributes": {
            "arn": "arn:aws:ecs:eu-north-1:501123610449:task-definition/job-portal-api:2",
            "arn_without_revision": "arn:aws:ecs:eu-north-1:501123610449:task-definition/job-portal-api",
            "container_definitions": "[{\"environment\":[{\"name\":\"ALLOWED_ORIGINS\",\"value\":\"http://employee-frontend01.s3-website.eu-north-1.amazonaws.com\"},{\"name\":\"MONGODB_DATABASE\",\"value\":\"job_portal_db\"},{\"name\":\"MONGODB_URI\",\"value\":\"mongodb://otniel64:ChangeMe-Strong#2025@job-portal-docdb.cluster-cxkwimcm4zqj.eu-north-1.docdb.amazonaws.com:27017/job_portal_db?ssl=true\u0026replicaSet=rs0\u0026readPreference=secondaryPreferred\u0026retryWrites=false\"},{\"name\":\"PORT\",\"value\":\"8080\"}],\"essential\":true,\"image\":\"otniel217/aws-ecs-deploy-api:latest\",\"logConfiguration\":{\"logDriver\":\"awslogs\",\"options\":{\"awslogs-group\":\"/ecs/job-portal-api\",\"awslogs-region\":\"eu-north-1\",\"awslogs-stream-prefix\":\"ecs\"}},\"mountPoints\":[],\"name\":\"api\",\"portMappings\":[{\"containerPort\":8080,\"hostPort\":8080,\"protocol\":\"tcp\"}],\"systemControls\":[],\"volumesFrom\":[]}]",
            "cpu": "512",
            "enable_fault_injection": false,
            "ephemeral_storage": [],
            "execution_role_arn": "arn:aws:iam::501123610449:role/job-portal-task-exec",
            "family": "job-portal-api",
            "id": "job-portal-api",
            "ipc_mode": "",
            "memory": "1024",
            "network_mode": "awsvpc",
            "pid_mode": "",
            "placement_constraints": [],
            "proxy_configuration": [],
            "region": "eu-north-1",
            "requires_compatibilities": [
              "FARGATE"
            ],
            "revision": 2,
            "runtime_platform": [],
            "skip_destroy": false,
            "tags": null,
            "tags_all": {},
            "task_role_arn": "",
            "track_latest": false,
            "volume": []
          },
          "sensitive_attributes": [
            [
              {
                "type": "get_attr",
                "value": "container_definitions"
              }
            ]
          ],
          "identity_schema_version": 0,
          "private": "eyJzY2hlbWFfdmVyc2lvbiI6IjEifQ==",
          "dependencies": [
            "aws_docdb_cluster.this",
            "aws_docdb_subnet_group.this",
            "aws_iam_role.task_exec",
            "aws_security_group.alb",
            "aws_security_group.docdb",
            "aws_security_group.ecs_service",
            "data.aws_availability_zones.available",
            "data.aws_iam_policy_document.ecs_tasks_assume",
            "module.vpc.aws_subnet.private",
            "module.vpc.aws_vpc.this",
            "module.vpc.aws_vpc_ipv4_cidr_block_association.this"
          ]
        }
      ]
    },
    {
      "mode": "managed",
      "type": "aws_iam_role",
      "name": "task_exec",
      "provider": "provider[\"registry.terraform.io/hashicorp/aws\"]",
      "instances": [
        {
          "schema_version": 0,
          "attributes": {
            "arn": "arn:aws:iam::501123610449:role/job-portal-task-exec",
            "assume_role_policy": "{\"Statement\":[{\"Action\":\"sts:AssumeRole\",\"Effect\":\"Allow\",\"Principal\":{\"Service\":\"ecs-tasks.amazonaws.com\"}}],\"Version\":\"2012-10-17\"}",
            "create_date": "2025-09-06T23:53:41Z",
            "description": "",
            "force_detach_policies": false,
            "id": "job-portal-task-exec",
            "inline_policy": [],
            "managed_policy_arns": [],
            "max_session_duration": 3600,
            "name": "job-portal-task-exec",
            "name_prefix": "",
            "path": "/",
            "permissions_boundary": "",
            "tags": null,
            "tags_all": {},
            "unique_id": "AROAXJLKLO5I6R53DVV4L"
          },
          "sensitive_attributes": [],
          "identity_schema_version": 0,
          "identity": {
            "account_id": "501123610449",
            "name": "job-portal-task-exec"
          },
          "private": "bnVsbA==",
          "dependencies": [
            "data.aws_iam_policy_document.ecs_tasks_assume"
          ]
        }
      ]
    },
    {
      "mode": "managed",
      "type": "aws_iam_role_policy_attachment",
      "name": "task_exec",
      "provider": "provider[\"registry.terraform.io/hashicorp/aws\"]",
      "instances": [
        {
          "schema_version": 0,
          "attributes": {
            "id": "job-portal-task-exec/arn:aws:iam::aws:policy/service-role/AmazonECSTaskExecutionRolePolicy",
            "policy_arn": "arn:aws:iam::aws:policy/service-role/AmazonECSTaskExecutionRolePolicy",
            "role": "job-portal-task-exec"
          },
          "sensitive_attributes": [],
          "identity_schema_version": 0,
          "identity": {
            "account_id": "501123610449",
            "policy_arn": "arn:aws:iam::aws:policy/service-role/AmazonECSTaskExecutionRolePolicy",
            "role": "job-portal-task-exec"
          },
          "private": "bnVsbA==",
          "dependencies": [
            "aws_iam_role.task_exec",
            "data.aws_iam_policy_document.ecs_tasks_assume"
          ]
        }
      ]
    },
    {
      "mode": "managed",
      "type": "aws_lb",
      "name": "api",
      "provider": "provider[\"registry.terraform.io/hashicorp/aws\"]",
      "instances": [
        {
          "schema_version": 0,
          "attributes": {
            "access_logs": [
              {
                "bucket": "",
                "enabled": false,
                "prefix": ""
              }
            ],
            "arn": "arn:aws:elasticloadbalancing:eu-north-1:501123610449:loadbalancer/app/job-portal-alb/ca41fa5df44d227f",
            "arn_suffix": "app/job-portal-alb/ca41fa5df44d227f",
            "client_keep_alive": 3600,
            "connection_logs": [
              {
                "bucket": "",
                "enabled": false,
                "prefix": ""
              }
            ],
            "customer_owned_ipv4_pool": "",
            "desync_mitigation_mode": "defensive",
            "dns_name": "job-portal-alb-1013111230.eu-north-1.elb.amazonaws.com",
            "dns_record_client_routing_policy": null,
            "drop_invalid_header_fields": false,
            "enable_cross_zone_load_balancing": true,
            "enable_deletion_protection": false,
            "enable_http2": true,
            "enable_tls_version_and_cipher_suite_headers": false,
            "enable_waf_fail_open": false,
            "enable_xff_client_port": false,
            "enable_zonal_shift": false,
            "enforce_security_group_inbound_rules_on_private_link_traffic": "",
            "id": "arn:aws:elasticloadbalancing:eu-north-1:501123610449:loadbalancer/app/job-portal-alb/ca41fa5df44d227f",
            "idle_timeout": 60,
            "internal": false,
            "ip_address_type": "ipv4",
            "ipam_pools": [],
            "load_balancer_type": "application",
            "minimum_load_balancer_capacity": [],
            "name": "job-portal-alb",
            "name_prefix": "",
            "preserve_host_header": false,
            "region": "eu-north-1",
            "secondary_ips_auto_assigned_per_subnet": null,
            "security_groups": [
              "sg-098c1f06340c9131d"
            ],
            "subnet_mapping": [
              {
                "allocation_id": "",
                "ipv6_address": "",
                "outpost_id": "",
                "private_ipv4_address": "",
                "subnet_id": "subnet-07bc6195657b3aaef"
              },
              {
                "allocation_id": "",
                "ipv6_address": "",
                "outpost_id": "",
                "private_ipv4_address": "",
                "subnet_id": "subnet-0fb0db53ea168f9fe"
              }
            ],
            "subnets": [
              "subnet-07bc6195657b3aaef",
              "subnet-0fb0db53ea168f9fe"
            ],
            "tags": null,
            "tags_all": {},
            "timeouts": null,
            "vpc_id": "vpc-0ccb31d2b580fb891",
            "xff_header_processing_mode": "append",
            "zone_id": "Z23TAZ6LKFMNIO"
          },
          "sensitive_attributes": [],
          "identity_schema_version": 0,
          "identity": {
            "arn": "arn:aws:elasticloadbalancing:eu-north-1:501123610449:loadbalancer/app/job-portal-alb/ca41fa5df44d227f"
          },
          "private": "eyJlMmJmYjczMC1lY2FhLTExZTYtOGY4OC0zNDM2M2JjN2M0YzAiOnsiY3JlYXRlIjo2MDAwMDAwMDAwMDAsImRlbGV0ZSI6NjAwMDAwMDAwMDAwLCJ1cGRhdGUiOjYwMDAwMDAwMDAwMH19",
          "dependencies": [
            "aws_security_group.alb",
            "data.aws_availability_zones.available",
            "module.vpc.aws_subnet.public",
            "module.vpc.aws_vpc.this",
            "module.vpc.aws_vpc_ipv4_cidr_block_association.this"
          ]
        }
      ]
    },
    {
      "mode": "managed",
      "type": "aws_lb_listener",
      "name": "http",
      "provider": "provider[\"registry.terraform.io/hashicorp/aws\"]",
      "instances": [
        {
          "schema_version": 0,
          "attributes": {
            "alpn_policy": null,
            "arn": "arn:aws:elasticloadbalancing:eu-north-1:501123610449:listener/app/job-portal-alb/ca41fa5df44d227f/0131d18bf0d541a5",
            "certificate_arn": null,
            "default_action": [
              {
                "authenticate_cognito": [],
                "authenticate_oidc": [],
                "fixed_response": [],
                "forward": [],
                "order": 1,
                "redirect": [],
                "target_group_arn": "arn:aws:elasticloadbalancing:eu-north-1:501123610449:targetgroup/job-portal-tg/b37314feb5fdbb4e",
                "type": "forward"
              }
            ],
            "id": "arn:aws:elasticloadbalancing:eu-north-1:501123610449:listener/app/job-portal-alb/ca41fa5df44d227f/0131d18bf0d541a5",
            "load_balancer_arn": "arn:aws:elasticloadbalancing:eu-north-1:501123610449:loadbalancer/app/job-portal-alb/ca41fa5df44d227f",
            "mutual_authentication": [],
            "port": 80,
            "protocol": "HTTP",
            "region": "eu-north-1",
            "routing_http_request_x_amzn_mtls_clientcert_header_name": null,
            "routing_http_request_x_amzn_mtls_clientcert_issuer_header_name": null,
            "routing_http_request_x_amzn_mtls_clientcert_leaf_header_name": null,
            "routing_http_request_x_amzn_mtls_clientcert_serial_number_header_name": null,
            "routing_http_request_x_amzn_mtls_clientcert_subject_header_name": null,
            "routing_http_request_x_amzn_mtls_clientcert_validity_header_name": null,
            "routing_http_request_x_amzn_tls_cipher_suite_header_name": null,
            "routing_http_request_x_amzn_tls_version_header_name": null,
            "routing_http_response_access_control_allow_credentials_header_value": "",
            "routing_http_response_access_control_allow_headers_header_value": "",
            "routing_http_response_access_control_allow_methods_header_value": "",
            "routing_http_response_access_control_allow_origin_header_value": "",
            "routing_http_response_access_control_expose_headers_header_value": "",
            "routing_http_response_access_control_max_age_header_value": "",
            "routing_http_response_content_security_policy_header_value": "",
            "routing_http_response_server_enabled": true,
            "routing_http_response_strict_transport_security_header_value": "",
            "routing_http_response_x_content_type_options_header_value": "",
            "routing_http_response_x_frame_options_header_value": "",
            "ssl_policy": "",
            "tags": null,
            "tags_all": {},
            "tcp_idle_timeout_seconds": null,
            "timeouts": null
          },
          "sensitive_attributes": [],
          "identity_schema_version": 0,
          "identity": {
            "arn": "arn:aws:elasticloadbalancing:eu-north-1:501123610449:listener/app/job-portal-alb/ca41fa5df44d227f/0131d18bf0d541a5"
          },
          "private": "eyJlMmJmYjczMC1lY2FhLTExZTYtOGY4OC0zNDM2M2JjN2M0YzAiOnsiY3JlYXRlIjozMDAwMDAwMDAwMDAsInVwZGF0ZSI6MzAwMDAwMDAwMDAwfX0=",
          "dependencies": [
            "aws_lb.api",
            "aws_lb_target_group.api",
            "aws_security_group.alb",
            "data.aws_availability_zones.available",
            "module.vpc.aws_subnet.public",
            "module.vpc.aws_vpc.this",
            "module.vpc.aws_vpc_ipv4_cidr_block_association.this"
          ]
        }
      ]
    },
    {
      "mode": "managed",
      "type": "aws_lb_target_group",
      "name": "api",
      "provider": "provider[\"registry.terraform.io/hashicorp/aws\"]",
      "instances": [
        {
          "schema_version": 0,
          "attributes": {
            "arn": "arn:aws:elasticloadbalancing:eu-north-1:501123610449:targetgroup/job-portal-tg/b37314feb5fdbb4e",
            "arn_suffix": "targetgroup/job-portal-tg/b37314feb5fdbb4e",
            "connection_termination": null,
            "deregistration_delay": "300",
            "health_check": [
              {
                "enabled": true,
                "healthy_threshold": 2,
                "interval": 30,
                "matcher": "200",
                "path": "/actuator/health",
                "port": "traffic-port",
                "protocol": "HTTP",
                "timeout": 5,
                "unhealthy_threshold": 2
              }
            ],
            "id": "arn:aws:elasticloadbalancing:eu-north-1:501123610449:targetgroup/job-portal-tg/b37314feb5fdbb4e",
            "ip_address_type": "ipv4",
            "lambda_multi_value_headers_enabled": false,
            "load_balancer_arns": [],
            "load_balancing_algorithm_type": "round_robin",
            "load_balancing_anomaly_mitigation": "off",
            "load_balancing_cross_zone_enabled": "use_load_balancer_configuration",
            "name": "job-portal-tg",
            "name_prefix": "",
            "port": 8080,
            "preserve_client_ip": null,
            "protocol": "HTTP",
            "protocol_version": "HTTP1",
            "proxy_protocol_v2": false,
            "region": "eu-north-1",
            "slow_start": 0,
            "stickiness": [
              {
                "cookie_duration": 86400,
                "cookie_name": "",
                "enabled": false,
                "type": "lb_cookie"
              }
            ],
            "tags": null,
            "tags_all": {},
            "target_failover": [
              {
                "on_deregistration": null,
                "on_unhealthy": null
              }
            ],
            "target_group_health": [
              {
                "dns_failover": [
                  {
                    "minimum_healthy_targets_count": "1",
                    "minimum_healthy_targets_percentage": "off"
                  }
                ],
                "unhealthy_state_routing": [
                  {
                    "minimum_healthy_targets_count": 1,
                    "minimum_healthy_targets_percentage": "off"
                  }
                ]
              }
            ],
            "target_health_state": [
              {
                "enable_unhealthy_connection_termination": null,
                "unhealthy_draining_interval": null
              }
            ],
            "target_type": "ip",
            "vpc_id": "vpc-0ccb31d2b580fb891"
          },
          "sensitive_attributes": [],
          "identity_schema_version": 0,
          "identity": {
            "arn": "arn:aws:elasticloadbalancing:eu-north-1:501123610449:targetgroup/job-portal-tg/b37314feb5fdbb4e"
          },
          "private": "bnVsbA==",
          "dependencies": [
            "module.vpc.aws_vpc.this"
          ]
        }
      ]
    },
    {
      "mode": "managed",
      "type": "aws_security_group",
      "name": "alb",
      "provider": "provider[\"registry.terraform.io/hashicorp/aws\"]",
      "instances": [
        {
          "schema_version": 1,
          "attributes": {
            "arn": "arn:aws:ec2:eu-north-1:501123610449:security-group/sg-098c1f06340c9131d",
            "description": "ALB access",
            "egress": [
              {
                "cidr_blocks": [
                  "0.0.0.0/0"
                ],
                "description": "",
                "from_port": 0,
                "ipv6_cidr_blocks": [],
                "prefix_list_ids": [],
                "protocol": "-1",
                "security_groups": [],
                "self": false,
                "to_port": 0
              }
            ],
            "id": "sg-098c1f06340c9131d",
            "ingress": [
              {
                "cidr_blocks": [
                  "0.0.0.0/0"
                ],
                "description": "",
                "from_port": 80,
                "ipv6_cidr_blocks": [],
                "prefix_list_ids": [],
                "protocol": "tcp",
                "security_groups": [],
                "self": false,
                "to_port": 80
              }
            ],
            "name": "job-portal-alb-sg",
            "name_prefix": "",
            "owner_id": "501123610449",
            "region": "eu-north-1",
            "revoke_rules_on_delete": false,
            "tags": {},
            "tags_all": {},
            "timeouts": null,
            "vpc_id": "vpc-0ccb31d2b580fb891"
          },
          "sensitive_attributes": [],
          "identity_schema_version": 0,
          "identity": {
            "account_id": "501123610449",
            "id": "sg-098c1f06340c9131d",
            "region": "eu-north-1"
          },
          "private": "eyJlMmJmYjczMC1lY2FhLTExZTYtOGY4OC0zNDM2M2JjN2M0YzAiOnsiY3JlYXRlIjo2MDAwMDAwMDAwMDAsImRlbGV0ZSI6OTAwMDAwMDAwMDAwfSwic2NoZW1hX3ZlcnNpb24iOiIxIn0=",
          "dependencies": [
            "module.vpc.aws_vpc.this"
          ]
        }
      ]
    },
    {
      "mode": "managed",
      "type": "aws_security_group",
      "name": "docdb",
      "provider": "provider[\"registry.terraform.io/hashicorp/aws\"]",
      "instances": [
        {
          "schema_version": 1,
          "attributes": {
            "arn": "arn:aws:ec2:eu-north-1:501123610449:security-group/sg-01d9c45740909bc10",
            "description": "DocumentDB access from ECS",
            "egress": [
              {
                "cidr_blocks": [
                  "0.0.0.0/0"
                ],
                "description": "",
                "from_port": 0,
                "ipv6_cidr_blocks": [],
                "prefix_list_ids": [],
                "protocol": "-1",
                "security_groups": [],
                "self": false,
                "to_port": 0
              }
            ],
            "id": "sg-01d9c45740909bc10",
            "ingress": [
              {
                "cidr_blocks": [],
                "description": "",
                "from_port": 27017,
                "ipv6_cidr_blocks": [],
                "prefix_list_ids": [],
                "protocol": "tcp",
                "security_groups": [
                  "sg-0cb1d1a2135d892cd"
                ],
                "self": false,
                "to_port": 27017
              }
            ],
            "name": "job-portal-docdb-sg",
            "name_prefix": "",
            "owner_id": "501123610449",
            "region": "eu-north-1",
            "revoke_rules_on_delete": false,
            "tags": {},
            "tags_all": {},
            "timeouts": null,
            "vpc_id": "vpc-0ccb31d2b580fb891"
          },
          "sensitive_attributes": [],
          "identity_schema_version": 0,
          "identity": {
            "account_id": "501123610449",
            "id": "sg-01d9c45740909bc10",
            "region": "eu-north-1"
          },
          "private": "eyJlMmJmYjczMC1lY2FhLTExZTYtOGY4OC0zNDM2M2JjN2M0YzAiOnsiY3JlYXRlIjo2MDAwMDAwMDAwMDAsImRlbGV0ZSI6OTAwMDAwMDAwMDAwfSwic2NoZW1hX3ZlcnNpb24iOiIxIn0=",
          "dependencies": [
            "aws_security_group.alb",
            "aws_security_group.ecs_service",
            "module.vpc.aws_vpc.this"
          ]
        }
      ]
    },
    {
      "mode": "managed",
      "type": "aws_security_group",
      "name": "ecs_service",
      "provider": "provider[\"registry.terraform.io/hashicorp/aws\"]",
      "instances": [
        {
          "schema_version": 1,
          "attributes": {
            "arn": "arn:aws:ec2:eu-north-1:501123610449:security-group/sg-0cb1d1a2135d892cd",
            "description": "ECS service access from ALB",
            "egress": [
              {
                "cidr_blocks": [
                  "0.0.0.0/0"
                ],
                "description": "",
                "from_port": 0,
                "ipv6_cidr_blocks": [],
                "prefix_list_ids": [],
                "protocol": "-1",
                "security_groups": [],
                "self": false,
                "to_port": 0
              }
            ],
            "id": "sg-0cb1d1a2135d892cd",
            "ingress": [
              {
                "cidr_blocks": [],
                "description": "",
                "from_port": 8080,
                "ipv6_cidr_blocks": [],
                "prefix_list_ids": [],
                "protocol": "tcp",
                "security_groups": [
                  "sg-098c1f06340c9131d"
                ],
                "self": false,
                "to_port": 8080
              }
            ],
            "name": "job-portal-svc-sg",
            "name_prefix": "",
            "owner_id": "501123610449",
            "region": "eu-north-1",
            "revoke_rules_on_delete": false,
            "tags": {},
            "tags_all": {},
            "timeouts": null,
            "vpc_id": "vpc-0ccb31d2b580fb891"
          },
          "sensitive_attributes": [],
          "identity_schema_version": 0,
          "identity": {
            "account_id": "501123610449",
            "id": "sg-0cb1d1a2135d892cd",
            "region": "eu-north-1"
          },
          "private": "eyJlMmJmYjczMC1lY2FhLTExZTYtOGY4OC0zNDM2M2JjN2M0YzAiOnsiY3JlYXRlIjo2MDAwMDAwMDAwMDAsImRlbGV0ZSI6OTAwMDAwMDAwMDAwfSwic2NoZW1hX3ZlcnNpb24iOiIxIn0=",
          "dependencies": [
            "aws_security_group.alb",
            "module.vpc.aws_vpc.this"
          ]
        }
      ]
    },
    {
      "module": "module.vpc",
      "mode": "managed",
      "type": "aws_default_network_acl",
      "name": "this",
      "provider": "provider[\"registry.terraform.io/hashicorp/aws\"]",
      "instances": [
        {
          "index_key": 0,
          "schema_version": 0,
          "attributes": {
            "arn": "arn:aws:ec2:eu-north-1:501123610449:network-acl/acl-0ec8bf1db437f8e9f",
            "default_network_acl_id": "acl-0ec8bf1db437f8e9f",
            "egress": [
              {
                "action": "allow",
                "cidr_block": "",
                "from_port": 0,
                "icmp_code": null,
                "icmp_type": null,
                "ipv6_cidr_block": "::/0",
                "protocol": "-1",
                "rule_no": 101,
                "to_port": 0
              },
              {
                "action": "allow",
                "cidr_block": "0.0.0.0/0",
                "from_port": 0,
                "icmp_code": null,
                "icmp_type": null,
                "ipv6_cidr_block": "",
                "protocol": "-1",
                "rule_no": 100,
                "to_port": 0
              }
            ],
            "id": "acl-0ec8bf1db437f8e9f",
            "ingress": [
              {
                "action": "allow",
                "cidr_block": "",
                "from_port": 0,
                "icmp_code": null,
                "icmp_type": null,
                "ipv6_cidr_block": "::/0",
                "protocol": "-1",
                "rule_no": 101,
                "to_port": 0
              },
              {
                "action": "allow",
                "cidr_block": "0.0.0.0/0",
                "from_port": 0,
                "icmp_code": null,
                "icmp_type": null,
                "ipv6_cidr_block": "",
                "protocol": "-1",
                "rule_no": 100,
                "to_port": 0
              }
            ],
            "owner_id": "501123610449",
            "region": "eu-north-1",
            "subnet_ids": [
              "subnet-07bc6195657b3aaef",
              "subnet-088ac1335a37ab1f0",
              "subnet-08ab7474c67527591",
              "subnet-0fb0db53ea168f9fe"
            ],
            "tags": {
              "Name": "job-portal-default",
              "Project": "job-portal"
            },
            "tags_all": {
              "Name": "job-portal-default",
              "Project": "job-portal"
            },
            "vpc_id": "vpc-0ccb31d2b580fb891"
          },
          "sensitive_attributes": [],
          "identity_schema_version": 0,
          "private": "bnVsbA==",
          "dependencies": [
            "module.vpc.aws_vpc.this"
          ]
        }
      ]
    },
    {
      "module": "module.vpc",
      "mode": "managed",
      "type": "aws_default_route_table",
      "name": "default",
      "provider": "provider[\"registry.terraform.io/hashicorp/aws\"]",
      "instances": [
        {
          "index_key": 0,
          "schema_version": 0,
          "attributes": {
            "arn": "arn:aws:ec2:eu-north-1:501123610449:route-table/rtb-0d44cd92aed39fcf8",
            "default_route_table_id": "rtb-0d44cd92aed39fcf8",
            "id": "rtb-0d44cd92aed39fcf8",
            "owner_id": "501123610449",
            "propagating_vgws": null,
            "region": "eu-north-1",
            "route": [],
            "tags": {
              "Name": "job-portal-default",
              "Project": "job-portal"
            },
            "tags_all": {
              "Name": "job-portal-default",
              "Project": "job-portal"
            },
            "timeouts": {
              "create": "5m",
              "update": "5m"
            },
            "vpc_id": "vpc-0ccb31d2b580fb891"
          },
          "sensitive_attributes": [],
          "identity_schema_version": 0,
          "private": "eyJlMmJmYjczMC1lY2FhLTExZTYtOGY4OC0zNDM2M2JjN2M0YzAiOnsiY3JlYXRlIjozMDAwMDAwMDAwMDAsInVwZGF0ZSI6MzAwMDAwMDAwMDAwfX0=",
          "dependencies": [
            "module.vpc.aws_vpc.this"
          ]
        }
      ]
    },
    {
      "module": "module.vpc",
      "mode": "managed",
      "type": "aws_default_security_group",
      "name": "this",
      "provider": "provider[\"registry.terraform.io/hashicorp/aws\"]",
      "instances": [
        {
          "index_key": 0,
          "schema_version": 1,
          "attributes": {
            "arn": "arn:aws:ec2:eu-north-1:501123610449:security-group/sg-012009f632ab9f76b",
            "description": "default VPC security group",
            "egress": [],
            "id": "sg-012009f632ab9f76b",
            "ingress": [],
            "name": "default",
            "name_prefix": "",
            "owner_id": "501123610449",
            "region": "eu-north-1",
            "revoke_rules_on_delete": false,
            "tags": {
              "Name": "job-portal-default",
              "Project": "job-portal"
            },
            "tags_all": {
              "Name": "job-portal-default",
              "Project": "job-portal"
            },
            "vpc_id": "vpc-0ccb31d2b580fb891"
          },
          "sensitive_attributes": [],
          "identity_schema_version": 0,
          "private": "eyJzY2hlbWFfdmVyc2lvbiI6IjEifQ==",
          "dependencies": [
            "module.vpc.aws_vpc.this"
          ]
        }
      ]
    },
    {
      "module": "module.vpc",
      "mode": "managed",
      "type": "aws_eip",
      "name": "nat",
      "provider": "provider[\"registry.terraform.io/hashicorp/aws\"]",
      "instances": [
        {
          "index_key": 0,
          "schema_version": 0,
          "attributes": {
            "address": null,
            "allocation_id": "eipalloc-0f9319be59befac5b",
            "arn": "arn:aws:ec2:eu-north-1:501123610449:elastic-ip/eipalloc-0f9319be59befac5b",
            "associate_with_private_ip": null,
            "association_id": "",
            "carrier_ip": "",
            "customer_owned_ip": "",
            "customer_owned_ipv4_pool": "",
            "domain": "vpc",
            "id": "eipalloc-0f9319be59befac5b",
            "instance": "",
            "ipam_pool_id": null,
            "network_border_group": "eu-north-1",
            "network_interface": "",
            "private_dns": null,
            "private_ip": "",
            "ptr_record": "",
            "public_dns": "ec2-56-228-73-93.eu-north-1.compute.amazonaws.com",
            "public_ip": "56.228.73.93",
            "public_ipv4_pool": "amazon",
            "region": "eu-north-1",
            "tags": {
              "Name": "job-portal-eu-north-1a",
              "Project": "job-portal"
            },
            "tags_all": {
              "Name": "job-portal-eu-north-1a",
              "Project": "job-portal"
            },
            "timeouts": null
          },
          "sensitive_attributes": [],
          "identity_schema_version": 0,
          "private": "eyJlMmJmYjczMC1lY2FhLTExZTYtOGY4OC0zNDM2M2JjN2M0YzAiOnsiZGVsZXRlIjoxODAwMDAwMDAwMDAsInJlYWQiOjkwMDAwMDAwMDAwMCwidXBkYXRlIjozMDAwMDAwMDAwMDB9fQ==",
          "dependencies": [
            "data.aws_availability_zones.available",
            "module.vpc.aws_internet_gateway.this",
            "module.vpc.aws_vpc.this",
            "module.vpc.aws_vpc_ipv4_cidr_block_association.this"
          ]
        }
      ]
    },
    {
      "module": "module.vpc",
      "mode": "managed",
      "type": "aws_internet_gateway",
      "name": "this",
      "provider": "provider[\"registry.terraform.io/hashicorp/aws\"]",
      "instances": [
        {
          "index_key": 0,
          "schema_version": 0,
          "attributes": {
            "arn": "arn:aws:ec2:eu-north-1:501123610449:internet-gateway/igw-01098fe788988b2fc",
            "id": "igw-01098fe788988b2fc",
            "owner_id": "501123610449",
            "region": "eu-north-1",
            "tags": {
              "Name": "job-portal",
              "Project": "job-portal"
            },
            "tags_all": {
              "Name": "job-portal",
              "Project": "job-portal"
            },
            "timeouts": null,
            "vpc_id": "vpc-0ccb31d2b580fb891"
          },
          "sensitive_attributes": [],
          "identity_schema_version": 0,
          "private": "eyJlMmJmYjczMC1lY2FhLTExZTYtOGY4OC0zNDM2M2JjN2M0YzAiOnsiY3JlYXRlIjoxMjAwMDAwMDAwMDAwLCJkZWxldGUiOjEyMDAwMDAwMDAwMDAsInVwZGF0ZSI6MTIwMDAwMDAwMDAwMH19",
          "dependencies": [
            "module.vpc.aws_vpc.this",
            "module.vpc.aws_vpc_ipv4_cidr_block_association.this"
          ]
        }
      ]
    },
    {
      "module": "module.vpc",
      "mode": "managed",
      "type": "aws_nat_gateway",
      "name": "this",
      "provider": "provider[\"registry.terraform.io/hashicorp/aws\"]",
      "instances": [
        {
          "index_key": 0,
          "schema_version": 0,
          "attributes": {
            "allocation_id": "eipalloc-0f9319be59befac5b",
            "association_id": "eipassoc-0069c5131c7fed6c6",
            "connectivity_type": "public",
            "id": "nat-0d11e7b788bc9760e",
            "network_interface_id": "eni-0f8533699b8c10cd7",
            "private_ip": "10.10.2.222",
            "public_ip": "56.228.73.93",
            "region": "eu-north-1",
            "secondary_allocation_ids": [],
            "secondary_private_ip_address_count": 0,
            "secondary_private_ip_addresses": [],
            "subnet_id": "subnet-07bc6195657b3aaef",
            "tags": {
              "Name": "job-portal-eu-north-1a",
              "Project": "job-portal"
            },
            "tags_all": {
              "Name": "job-portal-eu-north-1a",
              "Project": "job-portal"
            },
            "timeouts": null
          },
          "sensitive_attributes": [],
          "identity_schema_version": 0,
          "private": "eyJlMmJmYjczMC1lY2FhLTExZTYtOGY4OC0zNDM2M2JjN2M0YzAiOnsiY3JlYXRlIjo2MDAwMDAwMDAwMDAsImRlbGV0ZSI6MTgwMDAwMDAwMDAwMCwidXBkYXRlIjo2MDAwMDAwMDAwMDB9fQ==",
          "dependencies": [
            "data.aws_availability_zones.available",
            "module.vpc.aws_eip.nat",
            "module.vpc.aws_internet_gateway.this",
            "module.vpc.aws_subnet.public",
            "module.vpc.aws_vpc.this",
            "module.vpc.aws_vpc_ipv4_cidr_block_association.this"
          ]
        }
      ]
    },
    {
      "module": "module.vpc",
      "mode": "managed",
      "type": "aws_route",
      "name": "private_nat_gateway",
      "provider": "provider[\"registry.terraform.io/hashicorp/aws\"]",
      "instances": [
        {
          "index_key": 0,
          "schema_version": 0,
          "attributes": {
            "carrier_gateway_id": "",
            "core_network_arn": "",
            "destination_cidr_block": "0.0.0.0/0",
            "destination_ipv6_cidr_block": "",
            "destination_prefix_list_id": "",
            "egress_only_gateway_id": "",
            "gateway_id": "",
            "id": "r-rtb-061c25059cae73f581080289494",
            "instance_id": "",
            "instance_owner_id": "",
            "local_gateway_id": "",
            "nat_gateway_id": "nat-0d11e7b788bc9760e",
            "network_interface_id": "",
            "origin": "CreateRoute",
            "region": "eu-north-1",
            "route_table_id": "rtb-061c25059cae73f58",
            "state": "active",
            "timeouts": {
              "create": "5m",
              "delete": null,
              "update": null
            },
            "transit_gateway_id": "",
            "vpc_endpoint_id": "",
            "vpc_peering_connection_id": ""
          },
          "sensitive_attributes": [],
          "identity_schema_version": 0,
          "identity": {
            "account_id": "501123610449",
            "destination_cidr_block": "0.0.0.0/0",
            "destination_ipv6_cidr_block": null,
            "destination_prefix_list_id": null,
            "region": "eu-north-1",
            "route_table_id": "rtb-061c25059cae73f58"
          },
          "private": "eyJlMmJmYjczMC1lY2FhLTExZTYtOGY4OC0zNDM2M2JjN2M0YzAiOnsiY3JlYXRlIjozMDAwMDAwMDAwMDAsImRlbGV0ZSI6MzAwMDAwMDAwMDAwLCJ1cGRhdGUiOjEyMDAwMDAwMDAwMH19",
          "dependencies": [
            "data.aws_availability_zones.available",
            "module.vpc.aws_eip.nat",
            "module.vpc.aws_internet_gateway.this",
            "module.vpc.aws_nat_gateway.this",
            "module.vpc.aws_route_table.private",
            "module.vpc.aws_subnet.public",
            "module.vpc.aws_vpc.this",
            "module.vpc.aws_vpc_ipv4_cidr_block_association.this"
          ]
        }
      ]
    },
    {
      "module": "module.vpc",
      "mode": "managed",
      "type": "aws_route",
      "name": "public_internet_gateway",
      "provider": "provider[\"registry.terraform.io/hashicorp/aws\"]",
      "instances": [
        {
          "index_key": 0,
          "schema_version": 0,
          "attributes": {
            "carrier_gateway_id": "",
            "core_network_arn": "",
            "destination_cidr_block": "0.0.0.0/0",
            "destination_ipv6_cidr_block": "",
            "destination_prefix_list_id": "",
            "egress_only_gateway_id": "",
            "gateway_id": "igw-01098fe788988b2fc",
            "id": "r-rtb-06f7bf34df3f2c0e21080289494",
            "instance_id": "",
            "instance_owner_id": "",
            "local_gateway_id": "",
            "nat_gateway_id": "",
            "network_interface_id": "",
            "origin": "CreateRoute",
            "region": "eu-north-1",
            "route_table_id": "rtb-06f7bf34df3f2c0e2",
            "state": "active",
            "timeouts": {
              "create": "5m",
              "delete": null,
              "update": null
            },
            "transit_gateway_id": "",
            "vpc_endpoint_id": "",
            "vpc_peering_connection_id": ""
          },
          "sensitive_attributes": [],
          "identity_schema_version": 0,
          "identity": {
            "account_id": "501123610449",
            "destination_cidr_block": "0.0.0.0/0",
            "destination_ipv6_cidr_block": null,
            "destination_prefix_list_id": null,
            "region": "eu-north-1",
            "route_table_id": "rtb-06f7bf34df3f2c0e2"
          },
          "private": "eyJlMmJmYjczMC1lY2FhLTExZTYtOGY4OC0zNDM2M2JjN2M0YzAiOnsiY3JlYXRlIjozMDAwMDAwMDAwMDAsImRlbGV0ZSI6MzAwMDAwMDAwMDAwLCJ1cGRhdGUiOjEyMDAwMDAwMDAwMH19",
          "dependencies": [
            "module.vpc.aws_internet_gateway.this",
            "module.vpc.aws_route_table.public",
            "module.vpc.aws_vpc.this",
            "module.vpc.aws_vpc_ipv4_cidr_block_association.this"
          ]
        }
      ]
    },
    {
      "module": "module.vpc",
      "mode": "managed",
      "type": "aws_route_table",
      "name": "private",
      "provider": "provider[\"registry.terraform.io/hashicorp/aws\"]",
      "instances": [
        {
          "index_key": 0,
          "schema_version": 0,
          "attributes": {
            "arn": "arn:aws:ec2:eu-north-1:501123610449:route-table/rtb-061c25059cae73f58",
            "id": "rtb-061c25059cae73f58",
            "owner_id": "501123610449",
            "propagating_vgws": [],
            "region": "eu-north-1",
            "route": [],
            "tags": {
              "Name": "job-portal-private",
              "Project": "job-portal"
            },
            "tags_all": {
              "Name": "job-portal-private",
              "Project": "job-portal"
            },
            "timeouts": null,
            "vpc_id": "vpc-0ccb31d2b580fb891"
          },
          "sensitive_attributes": [],
          "identity_schema_version": 0,
          "identity": {
            "account_id": "501123610449",
            "id": "rtb-061c25059cae73f58",
            "region": "eu-north-1"
          },
          "private": "eyJlMmJmYjczMC1lY2FhLTExZTYtOGY4OC0zNDM2M2JjN2M0YzAiOnsiY3JlYXRlIjozMDAwMDAwMDAwMDAsImRlbGV0ZSI6MzAwMDAwMDAwMDAwLCJ1cGRhdGUiOjEyMDAwMDAwMDAwMH19",
          "dependencies": [
            "data.aws_availability_zones.available",
            "module.vpc.aws_vpc.this",
            "module.vpc.aws_vpc_ipv4_cidr_block_association.this"
          ]
        }
      ]
    },
    {
      "module": "module.vpc",
      "mode": "managed",
      "type": "aws_route_table",
      "name": "public",
      "provider": "provider[\"registry.terraform.io/hashicorp/aws\"]",
      "instances": [
        {
          "index_key": 0,
          "schema_version": 0,
          "attributes": {
            "arn": "arn:aws:ec2:eu-north-1:501123610449:route-table/rtb-06f7bf34df3f2c0e2",
            "id": "rtb-06f7bf34df3f2c0e2",
            "owner_id": "501123610449",
            "propagating_vgws": [],
            "region": "eu-north-1",
            "route": [],
            "tags": {
              "Name": "job-portal-public",
              "Project": "job-portal"
            },
            "tags_all": {
              "Name": "job-portal-public",
              "Project": "job-portal"
            },
            "timeouts": null,
            "vpc_id": "vpc-0ccb31d2b580fb891"
          },
          "sensitive_attributes": [],
          "identity_schema_version": 0,
          "identity": {
            "account_id": "501123610449",
            "id": "rtb-06f7bf34df3f2c0e2",
            "region": "eu-north-1"
          },
          "private": "eyJlMmJmYjczMC1lY2FhLTExZTYtOGY4OC0zNDM2M2JjN2M0YzAiOnsiY3JlYXRlIjozMDAwMDAwMDAwMDAsImRlbGV0ZSI6MzAwMDAwMDAwMDAwLCJ1cGRhdGUiOjEyMDAwMDAwMDAwMH19",
          "dependencies": [
            "module.vpc.aws_vpc.this",
            "module.vpc.aws_vpc_ipv4_cidr_block_association.this"
          ]
        }
      ]
    },
    {
      "module": "module.vpc",
      "mode": "managed",
      "type": "aws_route_table_association",
      "name": "private",
      "provider": "provider[\"registry.terraform.io/hashicorp/aws\"]",
      "instances": [
        {
          "index_key": 0,
          "schema_version": 0,
          "attributes": {
            "gateway_id": "",
            "id": "rtbassoc-03a7dbff89e288ce8",
            "region": "eu-north-1",
            "route_table_id": "rtb-061c25059cae73f58",
            "subnet_id": "subnet-08ab7474c67527591",
            "timeouts": null
          },
          "sensitive_attributes": [],
          "identity_schema_version": 0,
          "private": "eyJlMmJmYjczMC1lY2FhLTExZTYtOGY4OC0zNDM2M2JjN2M0YzAiOnsiY3JlYXRlIjozMDAwMDAwMDAwMDAsImRlbGV0ZSI6MzAwMDAwMDAwMDAwLCJ1cGRhdGUiOjEyMDAwMDAwMDAwMH19",
          "dependencies": [
            "data.aws_availability_zones.available",
            "module.vpc.aws_route_table.private",
            "module.vpc.aws_subnet.private",
            "module.vpc.aws_vpc.this",
            "module.vpc.aws_vpc_ipv4_cidr_block_association.this"
          ]
        },
        {
          "index_key": 1,
          "schema_version": 0,
          "attributes": {
            "gateway_id": "",
            "id": "rtbassoc-0515e373863015275",
            "region": "eu-north-1",
            "route_table_id": "rtb-061c25059cae73f58",
            "subnet_id": "subnet-088ac1335a37ab1f0",
            "timeouts": null
          },
          "sensitive_attributes": [],
          "identity_schema_version": 0,
          "private": "eyJlMmJmYjczMC1lY2FhLTExZTYtOGY4OC0zNDM2M2JjN2M0YzAiOnsiY3JlYXRlIjozMDAwMDAwMDAwMDAsImRlbGV0ZSI6MzAwMDAwMDAwMDAwLCJ1cGRhdGUiOjEyMDAwMDAwMDAwMH19",
          "dependencies": [
            "data.aws_availability_zones.available",
            "module.vpc.aws_route_table.private",
            "module.vpc.aws_subnet.private",
            "module.vpc.aws_vpc.this",
            "module.vpc.aws_vpc_ipv4_cidr_block_association.this"
          ]
        }
      ]
    },
    {
      "module": "module.vpc",
      "mode": "managed",
      "type": "aws_route_table_association",
      "name": "public",
      "provider": "provider[\"registry.terraform.io/hashicorp/aws\"]",
      "instances": [
        {
          "index_key": 0,
          "schema_version": 0,
          "attributes": {
            "gateway_id": "",
            "id": "rtbassoc-0f89f938bd2c75caa",
            "region": "eu-north-1",
            "route_table_id": "rtb-06f7bf34df3f2c0e2",
            "subnet_id": "subnet-07bc6195657b3aaef",
            "timeouts": null
          },
          "sensitive_attributes": [],
          "identity_schema_version": 0,
          "private": "eyJlMmJmYjczMC1lY2FhLTExZTYtOGY4OC0zNDM2M2JjN2M0YzAiOnsiY3JlYXRlIjozMDAwMDAwMDAwMDAsImRlbGV0ZSI6MzAwMDAwMDAwMDAwLCJ1cGRhdGUiOjEyMDAwMDAwMDAwMH19",
          "dependencies": [
            "data.aws_availability_zones.available",
            "module.vpc.aws_route_table.public",
            "module.vpc.aws_subnet.public",
            "module.vpc.aws_vpc.this",
            "module.vpc.aws_vpc_ipv4_cidr_block_association.this"
          ]
        },
        {
          "index_key": 1,
          "schema_version": 0,
          "attributes": {
            "gateway_id": "",
            "id": "rtbassoc-0409e12561604c31d",
            "region": "eu-north-1",
            "route_table_id": "rtb-06f7bf34df3f2c0e2",
            "subnet_id": "subnet-0fb0db53ea168f9fe",
            "timeouts": null
          },
          "sensitive_attributes": [],
          "identity_schema_version": 0,
          "private": "eyJlMmJmYjczMC1lY2FhLTExZTYtOGY4OC0zNDM2M2JjN2M0YzAiOnsiY3JlYXRlIjozMDAwMDAwMDAwMDAsImRlbGV0ZSI6MzAwMDAwMDAwMDAwLCJ1cGRhdGUiOjEyMDAwMDAwMDAwMH19",
          "dependencies": [
            "data.aws_availability_zones.available",
            "module.vpc.aws_route_table.public",
            "module.vpc.aws_subnet.public",
            "module.vpc.aws_vpc.this",
            "module.vpc.aws_vpc_ipv4_cidr_block_association.this"
          ]
        }
      ]
    },
    {
      "module": "module.vpc",
      "mode": "managed",
      "type": "aws_subnet",
      "name": "private",
      "provider": "provider[\"registry.terraform.io/hashicorp/aws\"]",
      "instances": [
        {
          "index_key": 0,
          "schema_version": 1,
          "attributes": {
            "arn": "arn:aws:ec2:eu-north-1:501123610449:subnet/subnet-08ab7474c67527591",
            "assign_ipv6_address_on_creation": false,
            "availability_zone": "eu-north-1a",
            "availability_zone_id": "eun1-az1",
            "cidr_block": "10.10.0.0/24",
            "customer_owned_ipv4_pool": "",
            "enable_dns64": false,
            "enable_lni_at_device_index": 0,
            "enable_resource_name_dns_a_record_on_launch": false,
            "enable_resource_name_dns_aaaa_record_on_launch": false,
            "id": "subnet-08ab7474c67527591",
            "ipv6_cidr_block": "",
            "ipv6_cidr_block_association_id": "",
            "ipv6_native": false,
            "map_customer_owned_ip_on_launch": false,
            "map_public_ip_on_launch": false,
            "outpost_arn": "",
            "owner_id": "501123610449",
            "private_dns_hostname_type_on_launch": "ip-name",
            "region": "eu-north-1",
            "tags": {
              "Name": "job-portal-private-eu-north-1a",
              "Project": "job-portal"
            },
            "tags_all": {
              "Name": "job-portal-private-eu-north-1a",
              "Project": "job-portal"
            },
            "timeouts": null,
            "vpc_id": "vpc-0ccb31d2b580fb891"
          },
          "sensitive_attributes": [],
          "identity_schema_version": 0,
          "identity": {
            "account_id": "501123610449",
            "id": "subnet-08ab7474c67527591",
            "region": "eu-north-1"
          },
          "private": "eyJlMmJmYjczMC1lY2FhLTExZTYtOGY4OC0zNDM2M2JjN2M0YzAiOnsiY3JlYXRlIjo2MDAwMDAwMDAwMDAsImRlbGV0ZSI6MTIwMDAwMDAwMDAwMH0sInNjaGVtYV92ZXJzaW9uIjoiMSJ9",
          "dependencies": [
            "data.aws_availability_zones.available",
            "module.vpc.aws_vpc.this",
            "module.vpc.aws_vpc_ipv4_cidr_block_association.this"
          ]
        },
        {
          "index_key": 1,
          "schema_version": 1,
          "attributes": {
            "arn": "arn:aws:ec2:eu-north-1:501123610449:subnet/subnet-088ac1335a37ab1f0",
            "assign_ipv6_address_on_creation": false,
            "availability_zone": "eu-north-1b",
            "availability_zone_id": "eun1-az2",
            "cidr_block": "10.10.1.0/24",
            "customer_owned_ipv4_pool": "",
            "enable_dns64": false,
            "enable_lni_at_device_index": 0,
            "enable_resource_name_dns_a_record_on_launch": false,
            "enable_resource_name_dns_aaaa_record_on_launch": false,
            "id": "subnet-088ac1335a37ab1f0",
            "ipv6_cidr_block": "",
            "ipv6_cidr_block_association_id": "",
            "ipv6_native": false,
            "map_customer_owned_ip_on_launch": false,
            "map_public_ip_on_launch": false,
            "outpost_arn": "",
            "owner_id": "501123610449",
            "private_dns_hostname_type_on_launch": "ip-name",
            "region": "eu-north-1",
            "tags": {
              "Name": "job-portal-private-eu-north-1b",
              "Project": "job-portal"
            },
            "tags_all": {
              "Name": "job-portal-private-eu-north-1b",
              "Project": "job-portal"
            },
            "timeouts": null,
            "vpc_id": "vpc-0ccb31d2b580fb891"
          },
          "sensitive_attributes": [],
          "identity_schema_version": 0,
          "identity": {
            "account_id": "501123610449",
            "id": "subnet-088ac1335a37ab1f0",
            "region": "eu-north-1"
          },
          "private": "eyJlMmJmYjczMC1lY2FhLTExZTYtOGY4OC0zNDM2M2JjN2M0YzAiOnsiY3JlYXRlIjo2MDAwMDAwMDAwMDAsImRlbGV0ZSI6MTIwMDAwMDAwMDAwMH0sInNjaGVtYV92ZXJzaW9uIjoiMSJ9",
          "dependencies": [
            "data.aws_availability_zones.available",
            "module.vpc.aws_vpc.this",
            "module.vpc.aws_vpc_ipv4_cidr_block_association.this"
          ]
        }
      ]
    },
    {
      "module": "module.vpc",
      "mode": "managed",
      "type": "aws_subnet",
      "name": "public",
      "provider": "provider[\"registry.terraform.io/hashicorp/aws\"]",
      "instances": [
        {
          "index_key": 0,
          "schema_version": 1,
          "attributes": {
            "arn": "arn:aws:ec2:eu-north-1:501123610449:subnet/subnet-07bc6195657b3aaef",
            "assign_ipv6_address_on_creation": false,
            "availability_zone": "eu-north-1a",
            "availability_zone_id": "eun1-az1",
            "cidr_block": "10.10.2.0/24",
            "customer_owned_ipv4_pool": "",
            "enable_dns64": false,
            "enable_lni_at_device_index": 0,
            "enable_resource_name_dns_a_record_on_launch": false,
            "enable_resource_name_dns_aaaa_record_on_launch": false,
            "id": "subnet-07bc6195657b3aaef",
            "ipv6_cidr_block": "",
            "ipv6_cidr_block_association_id": "",
            "ipv6_native": false,
            "map_customer_owned_ip_on_launch": false,
            "map_public_ip_on_launch": false,
            "outpost_arn": "",
            "owner_id": "501123610449",
            "private_dns_hostname_type_on_launch": "ip-name",
            "region": "eu-north-1",
            "tags": {
              "Name": "job-portal-public-eu-north-1a",
              "Project": "job-portal"
            },
            "tags_all": {
              "Name": "job-portal-public-eu-north-1a",
              "Project": "job-portal"
            },
            "timeouts": null,
            "vpc_id": "vpc-0ccb31d2b580fb891"
          },
          "sensitive_attributes": [],
          "identity_schema_version": 0,
          "identity": {
            "account_id": "501123610449",
            "id": "subnet-07bc6195657b3aaef",
            "region": "eu-north-1"
          },
          "private": "eyJlMmJmYjczMC1lY2FhLTExZTYtOGY4OC0zNDM2M2JjN2M0YzAiOnsiY3JlYXRlIjo2MDAwMDAwMDAwMDAsImRlbGV0ZSI6MTIwMDAwMDAwMDAwMH0sInNjaGVtYV92ZXJzaW9uIjoiMSJ9",
          "dependencies": [
            "data.aws_availability_zones.available",
            "module.vpc.aws_vpc.this",
            "module.vpc.aws_vpc_ipv4_cidr_block_association.this"
          ]
        },
        {
          "index_key": 1,
          "schema_version": 1,
          "attributes": {
            "arn": "arn:aws:ec2:eu-north-1:501123610449:subnet/subnet-0fb0db53ea168f9fe",
            "assign_ipv6_address_on_creation": false,
            "availability_zone": "eu-north-1b",
            "availability_zone_id": "eun1-az2",
            "cidr_block": "10.10.3.0/24",
            "customer_owned_ipv4_pool": "",
            "enable_dns64": false,
            "enable_lni_at_device_index": 0,
            "enable_resource_name_dns_a_record_on_launch": false,
            "enable_resource_name_dns_aaaa_record_on_launch": false,
            "id": "subnet-0fb0db53ea168f9fe",
            "ipv6_cidr_block": "",
            "ipv6_cidr_block_association_id": "",
            "ipv6_native": false,
            "map_customer_owned_ip_on_launch": false,
            "map_public_ip_on_launch": false,
            "outpost_arn": "",
            "owner_id": "501123610449",
            "private_dns_hostname_type_on_launch": "ip-name",
            "region": "eu-north-1",
            "tags": {
              "Name": "job-portal-public-eu-north-1b",
              "Project": "job-portal"
            },
            "tags_all": {
              "Name": "job-portal-public-eu-north-1b",
              "Project": "job-portal"
            },
            "timeouts": null,
            "vpc_id": "vpc-0ccb31d2b580fb891"
          },
          "sensitive_attributes": [],
          "identity_schema_version": 0,
          "identity": {
            "account_id": "501123610449",
            "id": "subnet-0fb0db53ea168f9fe",
            "region": "eu-north-1"
          },
          "private": "eyJlMmJmYjczMC1lY2FhLTExZTYtOGY4OC0zNDM2M2JjN2M0YzAiOnsiY3JlYXRlIjo2MDAwMDAwMDAwMDAsImRlbGV0ZSI6MTIwMDAwMDAwMDAwMH0sInNjaGVtYV92ZXJzaW9uIjoiMSJ9",
          "dependencies": [
            "data.aws_availability_zones.available",
            "module.vpc.aws_vpc.this",
            "module.vpc.aws_vpc_ipv4_cidr_block_association.this"
          ]
        }
      ]
    },
    {
      "module": "module.vpc",
      "mode": "managed",
      "type": "aws_vpc",
      "name": "this",
      "provider": "provider[\"registry.terraform.io/hashicorp/aws\"]",
      "instances": [
        {
          "index_key": 0,
          "schema_version": 1,
          "attributes": {
            "arn": "arn:aws:ec2:eu-north-1:501123610449:vpc/vpc-0ccb31d2b580fb891",
            "assign_generated_ipv6_cidr_block": false,
            "cidr_block": "10.10.0.0/16",
            "default_network_acl_id": "acl-0ec8bf1db437f8e9f",
            "default_route_table_id": "rtb-0d44cd92aed39fcf8",
            "default_security_group_id": "sg-012009f632ab9f76b",
            "dhcp_options_id": "dopt-066d966359b8e3f92",
            "enable_dns_hostnames": true,
            "enable_dns_support": true,
            "enable_network_address_usage_metrics": false,
            "id": "vpc-0ccb31d2b580fb891",
            "instance_tenancy": "default",
            "ipv4_ipam_pool_id": null,
            "ipv4_netmask_length": null,
            "ipv6_association_id": "",
            "ipv6_cidr_block": "",
            "ipv6_cidr_block_network_border_group": "",
            "ipv6_ipam_pool_id": "",
            "ipv6_netmask_length": 0,
            "main_route_table_id": "rtb-0d44cd92aed39fcf8",
            "owner_id": "501123610449",
            "region": "eu-north-1",
            "tags": {
              "Name": "job-portal",
              "Project": "job-portal"
            },
            "tags_all": {
              "Name": "job-portal",
              "Project": "job-portal"
            }
          },
          "sensitive_attributes": [],
          "identity_schema_version": 0,
          "private": "eyJzY2hlbWFfdmVyc2lvbiI6IjEifQ=="
        }
      ]
    }
  ],
  "check_results": null
}
